// !$*UTF8*$!
{
	archiveVersion = 1;
	classes = {
	};
	objectVersion = 50;
	objects = {

/* Begin PBXBuildFile section */
		480EDEA32425797200E8232F /* WatchLightList.swift in Sources */ = {isa = PBXBuildFile; fileRef = 480EDEA22425797200E8232F /* WatchLightList.swift */; };
		480EDEA42425798C00E8232F /* ContentView.swift in Sources */ = {isa = PBXBuildFile; fileRef = 4814CEF724214BA500B9C272 /* ContentView.swift */; };
		4814CEF424214BA500B9C272 /* AppDelegate.swift in Sources */ = {isa = PBXBuildFile; fileRef = 4814CEF324214BA500B9C272 /* AppDelegate.swift */; };
		4814CEF624214BA500B9C272 /* SceneDelegate.swift in Sources */ = {isa = PBXBuildFile; fileRef = 4814CEF524214BA500B9C272 /* SceneDelegate.swift */; };
		4814CEF824214BA500B9C272 /* ContentView.swift in Sources */ = {isa = PBXBuildFile; fileRef = 4814CEF724214BA500B9C272 /* ContentView.swift */; };
		4814CEFA24214BAD00B9C272 /* Assets.xcassets in Resources */ = {isa = PBXBuildFile; fileRef = 4814CEF924214BAD00B9C272 /* Assets.xcassets */; };
		4814CEFD24214BAD00B9C272 /* Preview Assets.xcassets in Resources */ = {isa = PBXBuildFile; fileRef = 4814CEFC24214BAD00B9C272 /* Preview Assets.xcassets */; };
		4814CF0024214BAD00B9C272 /* LaunchScreen.storyboard in Resources */ = {isa = PBXBuildFile; fileRef = 4814CEFE24214BAD00B9C272 /* LaunchScreen.storyboard */; };
		4814CF0824214C9700B9C272 /* HueDelegate.swift in Sources */ = {isa = PBXBuildFile; fileRef = 4814CF0724214C9700B9C272 /* HueDelegate.swift */; };
		4814CF0A24214E1200B9C272 /* Utils.swift in Sources */ = {isa = PBXBuildFile; fileRef = 4814CF0924214E1200B9C272 /* Utils.swift */; };
		481F91F32542F92F00914516 /* HueError.swift in Sources */ = {isa = PBXBuildFile; fileRef = 48CF4B912522A5B9006AE8D0 /* HueError.swift */; };
		481F92082542FA0F00914516 /* Intents.intentdefinition in Sources */ = {isa = PBXBuildFile; fileRef = 48CF4B2B25228C4F006AE8D0 /* Intents.intentdefinition */; };
		481F92132542FA5100914516 /* IntentHandler.swift in Sources */ = {isa = PBXBuildFile; fileRef = 48CF4B2425228BD2006AE8D0 /* IntentHandler.swift */; };
		482C546A2441EB0A00842CED /* indigo.json in Resources */ = {isa = PBXBuildFile; fileRef = 482C54692441EB0A00842CED /* indigo.json */; };
		482C546B2441EB0A00842CED /* indigo.json in Resources */ = {isa = PBXBuildFile; fileRef = 482C54692441EB0A00842CED /* indigo.json */; };
		48305FEB2423D2E400F64BB4 /* UserData.swift in Sources */ = {isa = PBXBuildFile; fileRef = 48305FEA2423D2E400F64BB4 /* UserData.swift */; };
		48305FED2423D35A00F64BB4 /* LightList.swift in Sources */ = {isa = PBXBuildFile; fileRef = 48305FEC2423D35A00F64BB4 /* LightList.swift */; };
		48305FF42423DEAD00F64BB4 /* Data.swift in Sources */ = {isa = PBXBuildFile; fileRef = 48305FF32423DEAD00F64BB4 /* Data.swift */; };
		48305FF62423DED800F64BB4 /* mockColors.json in Resources */ = {isa = PBXBuildFile; fileRef = 48305FF52423DED800F64BB4 /* mockColors.json */; };
		48305FF82423E1D100F64BB4 /* mockLights.json in Resources */ = {isa = PBXBuildFile; fileRef = 48305FF72423E1D100F64BB4 /* mockLights.json */; };
		48305FFA2423E2DF00F64BB4 /* LightRow.swift in Sources */ = {isa = PBXBuildFile; fileRef = 48305FF92423E2DF00F64BB4 /* LightRow.swift */; };
		483FCEBD255A08D90021D1C0 /* Helpers.swift in Sources */ = {isa = PBXBuildFile; fileRef = 483FCEBB255A08D90021D1C0 /* Helpers.swift */; };
		483FCEBE255A08D90021D1C0 /* ColourStructs.swift in Sources */ = {isa = PBXBuildFile; fileRef = 483FCEBC255A08D90021D1C0 /* ColourStructs.swift */; };
		483FCECA255A08F50021D1C0 /* FinalView.swift in Sources */ = {isa = PBXBuildFile; fileRef = 483FCEC4255A08F40021D1C0 /* FinalView.swift */; };
		483FCECB255A08F50021D1C0 /* CIHueSaturationValueGradientView.swift in Sources */ = {isa = PBXBuildFile; fileRef = 483FCEC5255A08F40021D1C0 /* CIHueSaturationValueGradientView.swift */; };
		483FCECC255A08F50021D1C0 /* CustomSlider.swift in Sources */ = {isa = PBXBuildFile; fileRef = 483FCEC6255A08F40021D1C0 /* CustomSlider.swift */; };
		483FCECD255A08F50021D1C0 /* Experimental in Resources */ = {isa = PBXBuildFile; fileRef = 483FCEC7255A08F40021D1C0 /* Experimental */; };
		483FCECE255A08F50021D1C0 /* ColourWheel.swift in Sources */ = {isa = PBXBuildFile; fileRef = 483FCEC8255A08F50021D1C0 /* ColourWheel.swift */; };
		483FCECF255A08F50021D1C0 /* ColourShowView.swift in Sources */ = {isa = PBXBuildFile; fileRef = 483FCEC9255A08F50021D1C0 /* ColourShowView.swift */; };
		483FCEEE255A100C0021D1C0 /* ColourStructs.swift in Sources */ = {isa = PBXBuildFile; fileRef = 483FCEBC255A08D90021D1C0 /* ColourStructs.swift */; };
		483FCEF4255A10280021D1C0 /* ColourStructs.swift in Sources */ = {isa = PBXBuildFile; fileRef = 483FCEBC255A08D90021D1C0 /* ColourStructs.swift */; };
		48758DAD24277D7F00380126 /* HueDevice.swift in Sources */ = {isa = PBXBuildFile; fileRef = 48758DAC24277D7F00380126 /* HueDevice.swift */; };
		48758DAF2427999C00380126 /* NoBridge.swift in Sources */ = {isa = PBXBuildFile; fileRef = 48758DAE2427999C00380126 /* NoBridge.swift */; };
		48758DB02427999C00380126 /* NoBridge.swift in Sources */ = {isa = PBXBuildFile; fileRef = 48758DAE2427999C00380126 /* NoBridge.swift */; };
		48758DB12427AD8500380126 /* HueDevice.swift in Sources */ = {isa = PBXBuildFile; fileRef = 48758DAC24277D7F00380126 /* HueDevice.swift */; };
		487964A22426B7E80025B897 /* LigthDetail.swift in Sources */ = {isa = PBXBuildFile; fileRef = 487964A12426B7E80025B897 /* LigthDetail.swift */; };
		487964A32426B7E80025B897 /* LigthDetail.swift in Sources */ = {isa = PBXBuildFile; fileRef = 487964A12426B7E80025B897 /* LigthDetail.swift */; };
		487964A52426C0EB0025B897 /* NotificationName.swift in Sources */ = {isa = PBXBuildFile; fileRef = 487964A42426C0EB0025B897 /* NotificationName.swift */; };
		487964A62426C0EB0025B897 /* NotificationName.swift in Sources */ = {isa = PBXBuildFile; fileRef = 487964A42426C0EB0025B897 /* NotificationName.swift */; };
		487DFAB72424D7FC00163D0C /* ValueStore.swift in Sources */ = {isa = PBXBuildFile; fileRef = 487DFAB62424D7FC00163D0C /* ValueStore.swift */; };
		487DFABB2424DCBB00163D0C /* LoginHue.swift in Sources */ = {isa = PBXBuildFile; fileRef = 487DFABA2424DCBB00163D0C /* LoginHue.swift */; };
		487DFAC52425512500163D0C /* Tisym_Watch WatchKit App.app in Embed Watch Content */ = {isa = PBXBuildFile; fileRef = 487DFAC42425512500163D0C /* Tisym_Watch WatchKit App.app */; settings = {ATTRIBUTES = (RemoveHeadersOnCopy, ); }; };
		487DFACB2425512500163D0C /* Interface.storyboard in Resources */ = {isa = PBXBuildFile; fileRef = 487DFAC92425512500163D0C /* Interface.storyboard */; };
		487DFACD2425512B00163D0C /* Assets.xcassets in Resources */ = {isa = PBXBuildFile; fileRef = 487DFACC2425512B00163D0C /* Assets.xcassets */; };
		487DFAD42425512B00163D0C /* Tisym_Watch WatchKit Extension.appex in Embed App Extensions */ = {isa = PBXBuildFile; fileRef = 487DFAD32425512B00163D0C /* Tisym_Watch WatchKit Extension.appex */; settings = {ATTRIBUTES = (RemoveHeadersOnCopy, ); }; };
		487DFADB2425512B00163D0C /* HostingController.swift in Sources */ = {isa = PBXBuildFile; fileRef = 487DFADA2425512B00163D0C /* HostingController.swift */; };
		487DFADD2425512B00163D0C /* ExtensionDelegate.swift in Sources */ = {isa = PBXBuildFile; fileRef = 487DFADC2425512B00163D0C /* ExtensionDelegate.swift */; };
		487DFADF2425512B00163D0C /* NotificationController.swift in Sources */ = {isa = PBXBuildFile; fileRef = 487DFADE2425512B00163D0C /* NotificationController.swift */; };
		487DFAE12425512B00163D0C /* NotificationView.swift in Sources */ = {isa = PBXBuildFile; fileRef = 487DFAE02425512B00163D0C /* NotificationView.swift */; };
		487DFAE32425512D00163D0C /* Assets.xcassets in Resources */ = {isa = PBXBuildFile; fileRef = 487DFAE22425512D00163D0C /* Assets.xcassets */; };
		487DFAE62425512D00163D0C /* Preview Assets.xcassets in Resources */ = {isa = PBXBuildFile; fileRef = 487DFAE52425512D00163D0C /* Preview Assets.xcassets */; };
		487DFAF5242552CE00163D0C /* Data.swift in Sources */ = {isa = PBXBuildFile; fileRef = 48305FF32423DEAD00F64BB4 /* Data.swift */; };
		487DFAF9242552DE00163D0C /* Light.swift in Sources */ = {isa = PBXBuildFile; fileRef = 4814CF0B24214FBF00B9C272 /* Light.swift */; };
		487DFAFA242552E300163D0C /* UserData.swift in Sources */ = {isa = PBXBuildFile; fileRef = 48305FEA2423D2E400F64BB4 /* UserData.swift */; };
		487DFAFB242552E700163D0C /* LoginHue.swift in Sources */ = {isa = PBXBuildFile; fileRef = 487DFABA2424DCBB00163D0C /* LoginHue.swift */; };
		487DFAFC242552EA00163D0C /* LightRow.swift in Sources */ = {isa = PBXBuildFile; fileRef = 48305FF92423E2DF00F64BB4 /* LightRow.swift */; };
		487DFB002425539100163D0C /* Utils.swift in Sources */ = {isa = PBXBuildFile; fileRef = 4814CF0924214E1200B9C272 /* Utils.swift */; };
		487DFB012425539500163D0C /* extensions.swift in Sources */ = {isa = PBXBuildFile; fileRef = 48DAB2F82424B9DE00C3F073 /* extensions.swift */; };
		487DFB022425539800163D0C /* ValueStore.swift in Sources */ = {isa = PBXBuildFile; fileRef = 487DFAB62424D7FC00163D0C /* ValueStore.swift */; };
		487EFD572425695F0002DFB0 /* ContextMenu.swift in Sources */ = {isa = PBXBuildFile; fileRef = 487EFD562425695F0002DFB0 /* ContextMenu.swift */; };
		48AD03E42428CB6F002E56CA /* Colors.swift in Sources */ = {isa = PBXBuildFile; fileRef = 48AD03E32428CB6F002E56CA /* Colors.swift */; };
		48AD03E52428CB6F002E56CA /* Colors.swift in Sources */ = {isa = PBXBuildFile; fileRef = 48AD03E32428CB6F002E56CA /* Colors.swift */; };
		48CF4B1925228B8E006AE8D0 /* Brightness Intent.appex in Embed App Extensions */ = {isa = PBXBuildFile; fileRef = 48CF4B1225228B8E006AE8D0 /* Brightness Intent.appex */; settings = {ATTRIBUTES = (RemoveHeadersOnCopy, ); }; };
		48CF4B2525228BD2006AE8D0 /* IntentHandler.swift in Sources */ = {isa = PBXBuildFile; fileRef = 48CF4B2425228BD2006AE8D0 /* IntentHandler.swift */; };
		48CF4B2C25228C4F006AE8D0 /* Intents.intentdefinition in Sources */ = {isa = PBXBuildFile; fileRef = 48CF4B2B25228C4F006AE8D0 /* Intents.intentdefinition */; };
		48CF4B4725229261006AE8D0 /* IntentHandler.swift in Sources */ = {isa = PBXBuildFile; fileRef = 48CF4B2425228BD2006AE8D0 /* IntentHandler.swift */; };
		48CF4B4D25229295006AE8D0 /* Intents.intentdefinition in Sources */ = {isa = PBXBuildFile; fileRef = 48CF4B2B25228C4F006AE8D0 /* Intents.intentdefinition */; };
		48CF4B5325229E11006AE8D0 /* ValueStore.swift in Sources */ = {isa = PBXBuildFile; fileRef = 487DFAB62424D7FC00163D0C /* ValueStore.swift */; };
		48CF4B6B25229EEE006AE8D0 /* extensions.swift in Sources */ = {isa = PBXBuildFile; fileRef = 48DAB2F82424B9DE00C3F073 /* extensions.swift */; };
		48CF4B7125229EFF006AE8D0 /* HueDevice.swift in Sources */ = {isa = PBXBuildFile; fileRef = 48758DAC24277D7F00380126 /* HueDevice.swift */; };
		48CF4B922522A5B9006AE8D0 /* HueError.swift in Sources */ = {isa = PBXBuildFile; fileRef = 48CF4B912522A5B9006AE8D0 /* HueError.swift */; };
		48CF4B932522A5B9006AE8D0 /* HueError.swift in Sources */ = {isa = PBXBuildFile; fileRef = 48CF4B912522A5B9006AE8D0 /* HueError.swift */; };
		48CF4BB22522A710006AE8D0 /* JsonParser.swift in Sources */ = {isa = PBXBuildFile; fileRef = 48CF4BB12522A710006AE8D0 /* JsonParser.swift */; };
		48CF4BB32522A710006AE8D0 /* JsonParser.swift in Sources */ = {isa = PBXBuildFile; fileRef = 48CF4BB12522A710006AE8D0 /* JsonParser.swift */; };
		48CF4BB42522A710006AE8D0 /* JsonParser.swift in Sources */ = {isa = PBXBuildFile; fileRef = 48CF4BB12522A710006AE8D0 /* JsonParser.swift */; };
		48CF4BBF2522A741006AE8D0 /* Utils.swift in Sources */ = {isa = PBXBuildFile; fileRef = 4814CF0924214E1200B9C272 /* Utils.swift */; };
		48CF4BC52522A7F6006AE8D0 /* Light.swift in Sources */ = {isa = PBXBuildFile; fileRef = 4814CF0B24214FBF00B9C272 /* Light.swift */; };
		48CF4BCB2522A85B006AE8D0 /* Colors.swift in Sources */ = {isa = PBXBuildFile; fileRef = 48AD03E32428CB6F002E56CA /* Colors.swift */; };
		48CF4BD12522A874006AE8D0 /* HueDelegate.swift in Sources */ = {isa = PBXBuildFile; fileRef = 4814CF0724214C9700B9C272 /* HueDelegate.swift */; };
		48CF4BD72522A885006AE8D0 /* UserData.swift in Sources */ = {isa = PBXBuildFile; fileRef = 48305FEA2423D2E400F64BB4 /* UserData.swift */; };
		48DAB2F92424B9DE00C3F073 /* extensions.swift in Sources */ = {isa = PBXBuildFile; fileRef = 48DAB2F82424B9DE00C3F073 /* extensions.swift */; };
		48E71442252383B5005B9A2C /* SharedDefaultsMeta.swift in Sources */ = {isa = PBXBuildFile; fileRef = 48E71441252383B5005B9A2C /* SharedDefaultsMeta.swift */; };
		48E71443252383B5005B9A2C /* SharedDefaultsMeta.swift in Sources */ = {isa = PBXBuildFile; fileRef = 48E71441252383B5005B9A2C /* SharedDefaultsMeta.swift */; };
		48E71444252383B5005B9A2C /* SharedDefaultsMeta.swift in Sources */ = {isa = PBXBuildFile; fileRef = 48E71441252383B5005B9A2C /* SharedDefaultsMeta.swift */; };
		48FD66372422B23800EA2FA4 /* Light.swift in Sources */ = {isa = PBXBuildFile; fileRef = 4814CF0B24214FBF00B9C272 /* Light.swift */; };
/* End PBXBuildFile section */

/* Begin PBXContainerItemProxy section */
		487DFAC62425512500163D0C /* PBXContainerItemProxy */ = {
			isa = PBXContainerItemProxy;
			containerPortal = 4814CEE824214BA500B9C272 /* Project object */;
			proxyType = 1;
			remoteGlobalIDString = 487DFAC32425512500163D0C;
			remoteInfo = "Tisym_Watch WatchKit App";
		};
		487DFAD52425512B00163D0C /* PBXContainerItemProxy */ = {
			isa = PBXContainerItemProxy;
			containerPortal = 4814CEE824214BA500B9C272 /* Project object */;
			proxyType = 1;
			remoteGlobalIDString = 487DFAD22425512B00163D0C;
			remoteInfo = "Tisym_Watch WatchKit Extension";
		};
		48CF4B1725228B8E006AE8D0 /* PBXContainerItemProxy */ = {
			isa = PBXContainerItemProxy;
			containerPortal = 4814CEE824214BA500B9C272 /* Project object */;
			proxyType = 1;
			remoteGlobalIDString = 48CF4B1125228B8E006AE8D0;
			remoteInfo = "Brightness Intent";
		};
/* End PBXContainerItemProxy section */

/* Begin PBXCopyFilesBuildPhase section */
		487DFAEC2425512D00163D0C /* Embed App Extensions */ = {
			isa = PBXCopyFilesBuildPhase;
			buildActionMask = 2147483647;
			dstPath = "";
			dstSubfolderSpec = 13;
			files = (
				487DFAD42425512B00163D0C /* Tisym_Watch WatchKit Extension.appex in Embed App Extensions */,
			);
			name = "Embed App Extensions";
			runOnlyForDeploymentPostprocessing = 0;
		};
		487DFAF02425512D00163D0C /* Embed Watch Content */ = {
			isa = PBXCopyFilesBuildPhase;
			buildActionMask = 2147483647;
			dstPath = "$(CONTENTS_FOLDER_PATH)/Watch";
			dstSubfolderSpec = 16;
			files = (
				487DFAC52425512500163D0C /* Tisym_Watch WatchKit App.app in Embed Watch Content */,
			);
			name = "Embed Watch Content";
			runOnlyForDeploymentPostprocessing = 0;
		};
		48CF4B1B25228B8E006AE8D0 /* Embed App Extensions */ = {
			isa = PBXCopyFilesBuildPhase;
			buildActionMask = 2147483647;
			dstPath = "";
			dstSubfolderSpec = 13;
			files = (
				48CF4B1925228B8E006AE8D0 /* Brightness Intent.appex in Embed App Extensions */,
			);
			name = "Embed App Extensions";
			runOnlyForDeploymentPostprocessing = 0;
		};
/* End PBXCopyFilesBuildPhase section */

/* Begin PBXFileReference section */
		480EDEA22425797200E8232F /* WatchLightList.swift */ = {isa = PBXFileReference; lastKnownFileType = sourcecode.swift; path = WatchLightList.swift; sourceTree = "<group>"; };
		4814CEF024214BA500B9C272 /* Tisym.app */ = {isa = PBXFileReference; explicitFileType = wrapper.application; includeInIndex = 0; path = Tisym.app; sourceTree = BUILT_PRODUCTS_DIR; };
		4814CEF324214BA500B9C272 /* AppDelegate.swift */ = {isa = PBXFileReference; lastKnownFileType = sourcecode.swift; path = AppDelegate.swift; sourceTree = "<group>"; };
		4814CEF524214BA500B9C272 /* SceneDelegate.swift */ = {isa = PBXFileReference; lastKnownFileType = sourcecode.swift; path = SceneDelegate.swift; sourceTree = "<group>"; };
		4814CEF724214BA500B9C272 /* ContentView.swift */ = {isa = PBXFileReference; lastKnownFileType = sourcecode.swift; path = ContentView.swift; sourceTree = "<group>"; };
		4814CEF924214BAD00B9C272 /* Assets.xcassets */ = {isa = PBXFileReference; lastKnownFileType = folder.assetcatalog; path = Assets.xcassets; sourceTree = "<group>"; };
		4814CEFC24214BAD00B9C272 /* Preview Assets.xcassets */ = {isa = PBXFileReference; lastKnownFileType = folder.assetcatalog; path = "Preview Assets.xcassets"; sourceTree = "<group>"; };
		4814CEFF24214BAD00B9C272 /* Base */ = {isa = PBXFileReference; lastKnownFileType = file.storyboard; name = Base; path = Base.lproj/LaunchScreen.storyboard; sourceTree = "<group>"; };
		4814CF0124214BAD00B9C272 /* Info.plist */ = {isa = PBXFileReference; lastKnownFileType = text.plist.xml; path = Info.plist; sourceTree = "<group>"; };
		4814CF0724214C9700B9C272 /* HueDelegate.swift */ = {isa = PBXFileReference; lastKnownFileType = sourcecode.swift; path = HueDelegate.swift; sourceTree = "<group>"; };
		4814CF0924214E1200B9C272 /* Utils.swift */ = {isa = PBXFileReference; lastKnownFileType = sourcecode.swift; path = Utils.swift; sourceTree = "<group>"; };
		4814CF0B24214FBF00B9C272 /* Light.swift */ = {isa = PBXFileReference; lastKnownFileType = sourcecode.swift; path = Light.swift; sourceTree = "<group>"; };
		482C54692441EB0A00842CED /* indigo.json */ = {isa = PBXFileReference; fileEncoding = 4; lastKnownFileType = text.json; path = indigo.json; sourceTree = "<group>"; };
		48305FEA2423D2E400F64BB4 /* UserData.swift */ = {isa = PBXFileReference; lastKnownFileType = sourcecode.swift; path = UserData.swift; sourceTree = "<group>"; };
		48305FEC2423D35A00F64BB4 /* LightList.swift */ = {isa = PBXFileReference; lastKnownFileType = sourcecode.swift; path = LightList.swift; sourceTree = "<group>"; };
		48305FF32423DEAD00F64BB4 /* Data.swift */ = {isa = PBXFileReference; fileEncoding = 4; lastKnownFileType = sourcecode.swift; path = Data.swift; sourceTree = "<group>"; };
		48305FF52423DED800F64BB4 /* mockColors.json */ = {isa = PBXFileReference; fileEncoding = 4; lastKnownFileType = text.json; path = mockColors.json; sourceTree = "<group>"; };
		48305FF72423E1D100F64BB4 /* mockLights.json */ = {isa = PBXFileReference; fileEncoding = 4; lastKnownFileType = text.json; path = mockLights.json; sourceTree = "<group>"; };
		48305FF92423E2DF00F64BB4 /* LightRow.swift */ = {isa = PBXFileReference; lastKnownFileType = sourcecode.swift; path = LightRow.swift; sourceTree = "<group>"; };
		483FCEBB255A08D90021D1C0 /* Helpers.swift */ = {isa = PBXFileReference; fileEncoding = 4; lastKnownFileType = sourcecode.swift; path = Helpers.swift; sourceTree = "<group>"; };
		483FCEBC255A08D90021D1C0 /* ColourStructs.swift */ = {isa = PBXFileReference; fileEncoding = 4; lastKnownFileType = sourcecode.swift; path = ColourStructs.swift; sourceTree = "<group>"; };
		483FCEC4255A08F40021D1C0 /* FinalView.swift */ = {isa = PBXFileReference; fileEncoding = 4; lastKnownFileType = sourcecode.swift; path = FinalView.swift; sourceTree = "<group>"; };
		483FCEC5255A08F40021D1C0 /* CIHueSaturationValueGradientView.swift */ = {isa = PBXFileReference; fileEncoding = 4; lastKnownFileType = sourcecode.swift; path = CIHueSaturationValueGradientView.swift; sourceTree = "<group>"; };
		483FCEC6255A08F40021D1C0 /* CustomSlider.swift */ = {isa = PBXFileReference; fileEncoding = 4; lastKnownFileType = sourcecode.swift; path = CustomSlider.swift; sourceTree = "<group>"; };
		483FCEC7255A08F40021D1C0 /* Experimental */ = {isa = PBXFileReference; lastKnownFileType = folder; path = Experimental; sourceTree = "<group>"; };
		483FCEC8255A08F50021D1C0 /* ColourWheel.swift */ = {isa = PBXFileReference; fileEncoding = 4; lastKnownFileType = sourcecode.swift; path = ColourWheel.swift; sourceTree = "<group>"; };
		483FCEC9255A08F50021D1C0 /* ColourShowView.swift */ = {isa = PBXFileReference; fileEncoding = 4; lastKnownFileType = sourcecode.swift; path = ColourShowView.swift; sourceTree = "<group>"; };
		48758DAC24277D7F00380126 /* HueDevice.swift */ = {isa = PBXFileReference; lastKnownFileType = sourcecode.swift; path = HueDevice.swift; sourceTree = "<group>"; };
		48758DAE2427999C00380126 /* NoBridge.swift */ = {isa = PBXFileReference; lastKnownFileType = sourcecode.swift; path = NoBridge.swift; sourceTree = "<group>"; };
		487964A12426B7E80025B897 /* LigthDetail.swift */ = {isa = PBXFileReference; lastKnownFileType = sourcecode.swift; path = LigthDetail.swift; sourceTree = "<group>"; };
		487964A42426C0EB0025B897 /* NotificationName.swift */ = {isa = PBXFileReference; lastKnownFileType = sourcecode.swift; path = NotificationName.swift; sourceTree = "<group>"; };
		487DFAB62424D7FC00163D0C /* ValueStore.swift */ = {isa = PBXFileReference; lastKnownFileType = sourcecode.swift; path = ValueStore.swift; sourceTree = "<group>"; };
		487DFABA2424DCBB00163D0C /* LoginHue.swift */ = {isa = PBXFileReference; lastKnownFileType = sourcecode.swift; path = LoginHue.swift; sourceTree = "<group>"; };
		487DFABE2425487D00163D0C /* Tisym.entitlements */ = {isa = PBXFileReference; lastKnownFileType = text.plist.entitlements; path = Tisym.entitlements; sourceTree = "<group>"; };
		487DFAC12425512500163D0C /* Tisym_Watch.app */ = {isa = PBXFileReference; explicitFileType = wrapper.application; includeInIndex = 0; path = Tisym_Watch.app; sourceTree = BUILT_PRODUCTS_DIR; };
		487DFAC42425512500163D0C /* Tisym_Watch WatchKit App.app */ = {isa = PBXFileReference; explicitFileType = wrapper.application; includeInIndex = 0; path = "Tisym_Watch WatchKit App.app"; sourceTree = BUILT_PRODUCTS_DIR; };
		487DFACA2425512500163D0C /* Base */ = {isa = PBXFileReference; lastKnownFileType = file.storyboard; name = Base; path = Base.lproj/Interface.storyboard; sourceTree = "<group>"; };
		487DFACC2425512B00163D0C /* Assets.xcassets */ = {isa = PBXFileReference; lastKnownFileType = folder.assetcatalog; path = Assets.xcassets; sourceTree = "<group>"; };
		487DFACE2425512B00163D0C /* Info.plist */ = {isa = PBXFileReference; lastKnownFileType = text.plist.xml; path = Info.plist; sourceTree = "<group>"; };
		487DFAD32425512B00163D0C /* Tisym_Watch WatchKit Extension.appex */ = {isa = PBXFileReference; explicitFileType = "wrapper.app-extension"; includeInIndex = 0; path = "Tisym_Watch WatchKit Extension.appex"; sourceTree = BUILT_PRODUCTS_DIR; };
		487DFADA2425512B00163D0C /* HostingController.swift */ = {isa = PBXFileReference; lastKnownFileType = sourcecode.swift; path = HostingController.swift; sourceTree = "<group>"; };
		487DFADC2425512B00163D0C /* ExtensionDelegate.swift */ = {isa = PBXFileReference; lastKnownFileType = sourcecode.swift; path = ExtensionDelegate.swift; sourceTree = "<group>"; };
		487DFADE2425512B00163D0C /* NotificationController.swift */ = {isa = PBXFileReference; lastKnownFileType = sourcecode.swift; path = NotificationController.swift; sourceTree = "<group>"; };
		487DFAE02425512B00163D0C /* NotificationView.swift */ = {isa = PBXFileReference; lastKnownFileType = sourcecode.swift; path = NotificationView.swift; sourceTree = "<group>"; };
		487DFAE22425512D00163D0C /* Assets.xcassets */ = {isa = PBXFileReference; lastKnownFileType = folder.assetcatalog; path = Assets.xcassets; sourceTree = "<group>"; };
		487DFAE52425512D00163D0C /* Preview Assets.xcassets */ = {isa = PBXFileReference; lastKnownFileType = folder.assetcatalog; path = "Preview Assets.xcassets"; sourceTree = "<group>"; };
		487DFAE72425512D00163D0C /* Info.plist */ = {isa = PBXFileReference; lastKnownFileType = text.plist.xml; path = Info.plist; sourceTree = "<group>"; };
		487DFAE82425512D00163D0C /* PushNotificationPayload.apns */ = {isa = PBXFileReference; lastKnownFileType = text; path = PushNotificationPayload.apns; sourceTree = "<group>"; };
		487EFD562425695F0002DFB0 /* ContextMenu.swift */ = {isa = PBXFileReference; lastKnownFileType = sourcecode.swift; path = ContextMenu.swift; sourceTree = "<group>"; };
		48AD03E32428CB6F002E56CA /* Colors.swift */ = {isa = PBXFileReference; lastKnownFileType = sourcecode.swift; path = Colors.swift; sourceTree = "<group>"; };
		48CF4B1225228B8E006AE8D0 /* Brightness Intent.appex */ = {isa = PBXFileReference; explicitFileType = "wrapper.app-extension"; includeInIndex = 0; path = "Brightness Intent.appex"; sourceTree = BUILT_PRODUCTS_DIR; };
		48CF4B1625228B8E006AE8D0 /* Info.plist */ = {isa = PBXFileReference; lastKnownFileType = text.plist.xml; path = Info.plist; sourceTree = "<group>"; };
		48CF4B1A25228B8E006AE8D0 /* Brightness Intent.entitlements */ = {isa = PBXFileReference; lastKnownFileType = text.plist.entitlements; path = "Brightness Intent.entitlements"; sourceTree = "<group>"; };
		48CF4B2425228BD2006AE8D0 /* IntentHandler.swift */ = {isa = PBXFileReference; fileEncoding = 4; lastKnownFileType = sourcecode.swift; path = IntentHandler.swift; sourceTree = "<group>"; };
		48CF4B2B25228C4F006AE8D0 /* Intents.intentdefinition */ = {isa = PBXFileReference; lastKnownFileType = file.intentdefinition; path = Intents.intentdefinition; sourceTree = "<group>"; };
		48CF4B912522A5B9006AE8D0 /* HueError.swift */ = {isa = PBXFileReference; fileEncoding = 4; lastKnownFileType = sourcecode.swift; path = HueError.swift; sourceTree = "<group>"; };
		48CF4BB12522A710006AE8D0 /* JsonParser.swift */ = {isa = PBXFileReference; lastKnownFileType = sourcecode.swift; path = JsonParser.swift; sourceTree = "<group>"; };
		48DAB2F82424B9DE00C3F073 /* extensions.swift */ = {isa = PBXFileReference; lastKnownFileType = sourcecode.swift; path = extensions.swift; sourceTree = "<group>"; };
		48E71441252383B5005B9A2C /* SharedDefaultsMeta.swift */ = {isa = PBXFileReference; lastKnownFileType = sourcecode.swift; path = SharedDefaultsMeta.swift; sourceTree = "<group>"; };
		48E7144A25238486005B9A2C /* Tisym_Watch WatchKit App.entitlements */ = {isa = PBXFileReference; lastKnownFileType = text.plist.entitlements; path = "Tisym_Watch WatchKit App.entitlements"; sourceTree = "<group>"; };
/* End PBXFileReference section */

/* Begin PBXFrameworksBuildPhase section */
		4814CEED24214BA500B9C272 /* Frameworks */ = {
			isa = PBXFrameworksBuildPhase;
			buildActionMask = 2147483647;
			files = (
			);
			runOnlyForDeploymentPostprocessing = 0;
		};
		487DFAD02425512B00163D0C /* Frameworks */ = {
			isa = PBXFrameworksBuildPhase;
			buildActionMask = 2147483647;
			files = (
			);
			runOnlyForDeploymentPostprocessing = 0;
		};
		48CF4B0F25228B8E006AE8D0 /* Frameworks */ = {
			isa = PBXFrameworksBuildPhase;
			buildActionMask = 2147483647;
			files = (
			);
			runOnlyForDeploymentPostprocessing = 0;
		};
/* End PBXFrameworksBuildPhase section */

/* Begin PBXGroup section */
		4814CEE724214BA500B9C272 = {
			isa = PBXGroup;
			children = (
				48CF4B2B25228C4F006AE8D0 /* Intents.intentdefinition */,
				4814CEF224214BA500B9C272 /* Tisym */,
				487DFAC82425512500163D0C /* Tisym_Watch WatchKit App */,
				487DFAD72425512B00163D0C /* Tisym_Watch WatchKit Extension */,
				48CF4B1325228B8E006AE8D0 /* Brightness Intent */,
				4814CEF124214BA500B9C272 /* Products */,
			);
			sourceTree = "<group>";
		};
		4814CEF124214BA500B9C272 /* Products */ = {
			isa = PBXGroup;
			children = (
				4814CEF024214BA500B9C272 /* Tisym.app */,
				487DFAC12425512500163D0C /* Tisym_Watch.app */,
				487DFAC42425512500163D0C /* Tisym_Watch WatchKit App.app */,
				487DFAD32425512B00163D0C /* Tisym_Watch WatchKit Extension.appex */,
				48CF4B1225228B8E006AE8D0 /* Brightness Intent.appex */,
			);
			name = Products;
			sourceTree = "<group>";
		};
		4814CEF224214BA500B9C272 /* Tisym */ = {
			isa = PBXGroup;
			children = (
				487DFABE2425487D00163D0C /* Tisym.entitlements */,
				48305FEF2423D60200F64BB4 /* Controllers */,
				48305FEE2423D5EB00F64BB4 /* Views */,
				4814CF0D24214FC500B9C272 /* Models */,
				48305FF22423DC5800F64BB4 /* Ressources */,
				4814CEF924214BAD00B9C272 /* Assets.xcassets */,
				4814CEFE24214BAD00B9C272 /* LaunchScreen.storyboard */,
				4814CF0124214BAD00B9C272 /* Info.plist */,
				4814CEFB24214BAD00B9C272 /* Preview Content */,
				4814CF0924214E1200B9C272 /* Utils.swift */,
				48DAB2F82424B9DE00C3F073 /* extensions.swift */,
				48E71441252383B5005B9A2C /* SharedDefaultsMeta.swift */,
				487DFAB62424D7FC00163D0C /* ValueStore.swift */,
			);
			path = Tisym;
			sourceTree = "<group>";
		};
		4814CEFB24214BAD00B9C272 /* Preview Content */ = {
			isa = PBXGroup;
			children = (
				4814CEFC24214BAD00B9C272 /* Preview Assets.xcassets */,
			);
			path = "Preview Content";
			sourceTree = "<group>";
		};
		4814CF0D24214FC500B9C272 /* Models */ = {
			isa = PBXGroup;
			children = (
				48305FEA2423D2E400F64BB4 /* UserData.swift */,
				4814CF0B24214FBF00B9C272 /* Light.swift */,
				48758DAC24277D7F00380126 /* HueDevice.swift */,
				48CF4B912522A5B9006AE8D0 /* HueError.swift */,
				48AD03E32428CB6F002E56CA /* Colors.swift */,
			);
			path = Models;
			sourceTree = "<group>";
		};
		48305FEE2423D5EB00F64BB4 /* Views */ = {
			isa = PBXGroup;
			children = (
				483FCEB9255A087D0021D1C0 /* ColorWheel */,
				4814CEF724214BA500B9C272 /* ContentView.swift */,
				48305FEC2423D35A00F64BB4 /* LightList.swift */,
				48305FF92423E2DF00F64BB4 /* LightRow.swift */,
				487DFABA2424DCBB00163D0C /* LoginHue.swift */,
				487964A12426B7E80025B897 /* LigthDetail.swift */,
				48758DAE2427999C00380126 /* NoBridge.swift */,
			);
			path = Views;
			sourceTree = "<group>";
		};
		48305FEF2423D60200F64BB4 /* Controllers */ = {
			isa = PBXGroup;
			children = (
				4814CEF324214BA500B9C272 /* AppDelegate.swift */,
				4814CEF524214BA500B9C272 /* SceneDelegate.swift */,
				4814CF0724214C9700B9C272 /* HueDelegate.swift */,
			);
			path = Controllers;
			sourceTree = "<group>";
		};
		48305FF22423DC5800F64BB4 /* Ressources */ = {
			isa = PBXGroup;
			children = (
				487964A42426C0EB0025B897 /* NotificationName.swift */,
				48305FF32423DEAD00F64BB4 /* Data.swift */,
				48CF4BB12522A710006AE8D0 /* JsonParser.swift */,
				482C54692441EB0A00842CED /* indigo.json */,
				48305FF52423DED800F64BB4 /* mockColors.json */,
				48305FF72423E1D100F64BB4 /* mockLights.json */,
			);
			path = Ressources;
			sourceTree = "<group>";
		};
		483FCEB9255A087D0021D1C0 /* ColorWheel */ = {
			isa = PBXGroup;
			children = (
				483FCEC5255A08F40021D1C0 /* CIHueSaturationValueGradientView.swift */,
				483FCEC9255A08F50021D1C0 /* ColourShowView.swift */,
				483FCEC8255A08F50021D1C0 /* ColourWheel.swift */,
				483FCEC6255A08F40021D1C0 /* CustomSlider.swift */,
				483FCEC7255A08F40021D1C0 /* Experimental */,
				483FCEC4255A08F40021D1C0 /* FinalView.swift */,
				483FCEBA255A088D0021D1C0 /* Helpers */,
			);
			path = ColorWheel;
			sourceTree = "<group>";
		};
		483FCEBA255A088D0021D1C0 /* Helpers */ = {
			isa = PBXGroup;
			children = (
				483FCEBC255A08D90021D1C0 /* ColourStructs.swift */,
				483FCEBB255A08D90021D1C0 /* Helpers.swift */,
			);
			path = Helpers;
			sourceTree = "<group>";
		};
		487DFAC82425512500163D0C /* Tisym_Watch WatchKit App */ = {
			isa = PBXGroup;
			children = (
				48E7144A25238486005B9A2C /* Tisym_Watch WatchKit App.entitlements */,
				487DFAC92425512500163D0C /* Interface.storyboard */,
				487DFACC2425512B00163D0C /* Assets.xcassets */,
				487DFACE2425512B00163D0C /* Info.plist */,
			);
			path = "Tisym_Watch WatchKit App";
			sourceTree = "<group>";
		};
		487DFAD72425512B00163D0C /* Tisym_Watch WatchKit Extension */ = {
			isa = PBXGroup;
			children = (
				487EFD5824256A370002DFB0 /* Views */,
				487DFADA2425512B00163D0C /* HostingController.swift */,
				487DFADC2425512B00163D0C /* ExtensionDelegate.swift */,
				487DFADE2425512B00163D0C /* NotificationController.swift */,
				487DFAE02425512B00163D0C /* NotificationView.swift */,
				487DFAE22425512D00163D0C /* Assets.xcassets */,
				487DFAE72425512D00163D0C /* Info.plist */,
				487DFAE82425512D00163D0C /* PushNotificationPayload.apns */,
				487DFAE42425512D00163D0C /* Preview Content */,
			);
			path = "Tisym_Watch WatchKit Extension";
			sourceTree = "<group>";
		};
		487DFAE42425512D00163D0C /* Preview Content */ = {
			isa = PBXGroup;
			children = (
				487DFAE52425512D00163D0C /* Preview Assets.xcassets */,
			);
			path = "Preview Content";
			sourceTree = "<group>";
		};
		487EFD5824256A370002DFB0 /* Views */ = {
			isa = PBXGroup;
			children = (
				487EFD562425695F0002DFB0 /* ContextMenu.swift */,
				480EDEA22425797200E8232F /* WatchLightList.swift */,
			);
			path = Views;
			sourceTree = "<group>";
		};
		48CF4B1325228B8E006AE8D0 /* Brightness Intent */ = {
			isa = PBXGroup;
			children = (
				48CF4B1A25228B8E006AE8D0 /* Brightness Intent.entitlements */,
				48CF4B2425228BD2006AE8D0 /* IntentHandler.swift */,
				48CF4B1625228B8E006AE8D0 /* Info.plist */,
			);
			path = "Brightness Intent";
			sourceTree = "<group>";
		};
/* End PBXGroup section */

/* Begin PBXNativeTarget section */
		4814CEEF24214BA500B9C272 /* Tisym */ = {
			isa = PBXNativeTarget;
			buildConfigurationList = 4814CF0424214BAE00B9C272 /* Build configuration list for PBXNativeTarget "Tisym" */;
			buildPhases = (
				4814CEEC24214BA500B9C272 /* Sources */,
				4814CEED24214BA500B9C272 /* Frameworks */,
				4814CEEE24214BA500B9C272 /* Resources */,
				48CF4B1B25228B8E006AE8D0 /* Embed App Extensions */,
			);
			buildRules = (
			);
			dependencies = (
				48CF4B1825228B8E006AE8D0 /* PBXTargetDependency */,
			);
			name = Tisym;
			productName = Tisym;
			productReference = 4814CEF024214BA500B9C272 /* Tisym.app */;
			productType = "com.apple.product-type.application";
		};
		487DFAC02425512500163D0C /* Tisym_Watch */ = {
			isa = PBXNativeTarget;
			buildConfigurationList = 487DFAF12425512D00163D0C /* Build configuration list for PBXNativeTarget "Tisym_Watch" */;
			buildPhases = (
				487DFABF2425512500163D0C /* Resources */,
				487DFAF02425512D00163D0C /* Embed Watch Content */,
			);
			buildRules = (
			);
			dependencies = (
				487DFAC72425512500163D0C /* PBXTargetDependency */,
			);
			name = Tisym_Watch;
			productName = Tisym_Watch;
			productReference = 487DFAC12425512500163D0C /* Tisym_Watch.app */;
			productType = "com.apple.product-type.application.watchapp2-container";
		};
		487DFAC32425512500163D0C /* Tisym_Watch WatchKit App */ = {
			isa = PBXNativeTarget;
			buildConfigurationList = 487DFAED2425512D00163D0C /* Build configuration list for PBXNativeTarget "Tisym_Watch WatchKit App" */;
			buildPhases = (
				487DFAC22425512500163D0C /* Resources */,
				487DFAEC2425512D00163D0C /* Embed App Extensions */,
			);
			buildRules = (
			);
			dependencies = (
				487DFAD62425512B00163D0C /* PBXTargetDependency */,
			);
			name = "Tisym_Watch WatchKit App";
			productName = "Tisym_Watch WatchKit App";
			productReference = 487DFAC42425512500163D0C /* Tisym_Watch WatchKit App.app */;
			productType = "com.apple.product-type.application.watchapp2";
		};
		487DFAD22425512B00163D0C /* Tisym_Watch WatchKit Extension */ = {
			isa = PBXNativeTarget;
			buildConfigurationList = 487DFAE92425512D00163D0C /* Build configuration list for PBXNativeTarget "Tisym_Watch WatchKit Extension" */;
			buildPhases = (
				487DFACF2425512B00163D0C /* Sources */,
				487DFAD02425512B00163D0C /* Frameworks */,
				487DFAD12425512B00163D0C /* Resources */,
			);
			buildRules = (
			);
			dependencies = (
			);
			name = "Tisym_Watch WatchKit Extension";
			productName = "Tisym_Watch WatchKit Extension";
			productReference = 487DFAD32425512B00163D0C /* Tisym_Watch WatchKit Extension.appex */;
			productType = "com.apple.product-type.watchkit2-extension";
		};
		48CF4B1125228B8E006AE8D0 /* Brightness Intent */ = {
			isa = PBXNativeTarget;
			buildConfigurationList = 48CF4B1E25228B8E006AE8D0 /* Build configuration list for PBXNativeTarget "Brightness Intent" */;
			buildPhases = (
				48CF4B0E25228B8E006AE8D0 /* Sources */,
				48CF4B0F25228B8E006AE8D0 /* Frameworks */,
				48CF4B1025228B8E006AE8D0 /* Resources */,
			);
			buildRules = (
			);
			dependencies = (
			);
			name = "Brightness Intent";
			productName = "Brightness Intent";
			productReference = 48CF4B1225228B8E006AE8D0 /* Brightness Intent.appex */;
			productType = "com.apple.product-type.app-extension";
		};
/* End PBXNativeTarget section */

/* Begin PBXProject section */
		4814CEE824214BA500B9C272 /* Project object */ = {
			isa = PBXProject;
			attributes = {
				LastSwiftUpdateCheck = 1200;
				LastUpgradeCheck = 1210;
				ORGANIZATIONNAME = "Hadrien Barbat";
				TargetAttributes = {
					4814CEEF24214BA500B9C272 = {
						CreatedOnToolsVersion = 11.3.1;
					};
					487DFAC02425512500163D0C = {
						CreatedOnToolsVersion = 11.3.1;
						LastSwiftMigration = 1200;
					};
					487DFAC32425512500163D0C = {
						CreatedOnToolsVersion = 11.3.1;
						LastSwiftMigration = 1200;
					};
					487DFAD22425512B00163D0C = {
						CreatedOnToolsVersion = 11.3.1;
					};
					48CF4B1125228B8E006AE8D0 = {
						CreatedOnToolsVersion = 12.0;
					};
				};
			};
			buildConfigurationList = 4814CEEB24214BA500B9C272 /* Build configuration list for PBXProject "Tisym" */;
			compatibilityVersion = "Xcode 9.3";
			developmentRegion = en;
			hasScannedForEncodings = 0;
			knownRegions = (
				en,
				Base,
			);
			mainGroup = 4814CEE724214BA500B9C272;
			productRefGroup = 4814CEF124214BA500B9C272 /* Products */;
			projectDirPath = "";
			projectRoot = "";
			targets = (
				4814CEEF24214BA500B9C272 /* Tisym */,
				487DFAC02425512500163D0C /* Tisym_Watch */,
				487DFAC32425512500163D0C /* Tisym_Watch WatchKit App */,
				487DFAD22425512B00163D0C /* Tisym_Watch WatchKit Extension */,
				48CF4B1125228B8E006AE8D0 /* Brightness Intent */,
			);
		};
/* End PBXProject section */

/* Begin PBXResourcesBuildPhase section */
		4814CEEE24214BA500B9C272 /* Resources */ = {
			isa = PBXResourcesBuildPhase;
			buildActionMask = 2147483647;
			files = (
				4814CF0024214BAD00B9C272 /* LaunchScreen.storyboard in Resources */,
				48305FF62423DED800F64BB4 /* mockColors.json in Resources */,
				4814CEFD24214BAD00B9C272 /* Preview Assets.xcassets in Resources */,
				48305FF82423E1D100F64BB4 /* mockLights.json in Resources */,
				483FCECD255A08F50021D1C0 /* Experimental in Resources */,
				4814CEFA24214BAD00B9C272 /* Assets.xcassets in Resources */,
				482C546A2441EB0A00842CED /* indigo.json in Resources */,
			);
			runOnlyForDeploymentPostprocessing = 0;
		};
		487DFABF2425512500163D0C /* Resources */ = {
			isa = PBXResourcesBuildPhase;
			buildActionMask = 2147483647;
			files = (
			);
			runOnlyForDeploymentPostprocessing = 0;
		};
		487DFAC22425512500163D0C /* Resources */ = {
			isa = PBXResourcesBuildPhase;
			buildActionMask = 2147483647;
			files = (
				487DFACD2425512B00163D0C /* Assets.xcassets in Resources */,
				487DFACB2425512500163D0C /* Interface.storyboard in Resources */,
			);
			runOnlyForDeploymentPostprocessing = 0;
		};
		487DFAD12425512B00163D0C /* Resources */ = {
			isa = PBXResourcesBuildPhase;
			buildActionMask = 2147483647;
			files = (
				487DFAE62425512D00163D0C /* Preview Assets.xcassets in Resources */,
				487DFAE32425512D00163D0C /* Assets.xcassets in Resources */,
				482C546B2441EB0A00842CED /* indigo.json in Resources */,
			);
			runOnlyForDeploymentPostprocessing = 0;
		};
		48CF4B1025228B8E006AE8D0 /* Resources */ = {
			isa = PBXResourcesBuildPhase;
			buildActionMask = 2147483647;
			files = (
			);
			runOnlyForDeploymentPostprocessing = 0;
		};
/* End PBXResourcesBuildPhase section */

/* Begin PBXSourcesBuildPhase section */
		4814CEEC24214BA500B9C272 /* Sources */ = {
			isa = PBXSourcesBuildPhase;
			buildActionMask = 2147483647;
			files = (
				483FCECE255A08F50021D1C0 /* ColourWheel.swift in Sources */,
				483FCEBD255A08D90021D1C0 /* Helpers.swift in Sources */,
				487DFAB72424D7FC00163D0C /* ValueStore.swift in Sources */,
				48305FF42423DEAD00F64BB4 /* Data.swift in Sources */,
				48305FFA2423E2DF00F64BB4 /* LightRow.swift in Sources */,
				48758DAF2427999C00380126 /* NoBridge.swift in Sources */,
				48CF4B4725229261006AE8D0 /* IntentHandler.swift in Sources */,
				483FCECA255A08F50021D1C0 /* FinalView.swift in Sources */,
				48FD66372422B23800EA2FA4 /* Light.swift in Sources */,
				4814CF0A24214E1200B9C272 /* Utils.swift in Sources */,
				48CF4BB22522A710006AE8D0 /* JsonParser.swift in Sources */,
				48305FEB2423D2E400F64BB4 /* UserData.swift in Sources */,
				483FCECF255A08F50021D1C0 /* ColourShowView.swift in Sources */,
				4814CEF424214BA500B9C272 /* AppDelegate.swift in Sources */,
				487964A22426B7E80025B897 /* LigthDetail.swift in Sources */,
				4814CF0824214C9700B9C272 /* HueDelegate.swift in Sources */,
				487DFABB2424DCBB00163D0C /* LoginHue.swift in Sources */,
				48CF4B922522A5B9006AE8D0 /* HueError.swift in Sources */,
				483FCECC255A08F50021D1C0 /* CustomSlider.swift in Sources */,
				48CF4B4D25229295006AE8D0 /* Intents.intentdefinition in Sources */,
				48AD03E42428CB6F002E56CA /* Colors.swift in Sources */,
				48E71442252383B5005B9A2C /* SharedDefaultsMeta.swift in Sources */,
				483FCECB255A08F50021D1C0 /* CIHueSaturationValueGradientView.swift in Sources */,
				48758DAD24277D7F00380126 /* HueDevice.swift in Sources */,
				4814CEF624214BA500B9C272 /* SceneDelegate.swift in Sources */,
				48305FED2423D35A00F64BB4 /* LightList.swift in Sources */,
				4814CEF824214BA500B9C272 /* ContentView.swift in Sources */,
				487964A52426C0EB0025B897 /* NotificationName.swift in Sources */,
				483FCEBE255A08D90021D1C0 /* ColourStructs.swift in Sources */,
				48DAB2F92424B9DE00C3F073 /* extensions.swift in Sources */,
			);
			runOnlyForDeploymentPostprocessing = 0;
		};
		487DFACF2425512B00163D0C /* Sources */ = {
			isa = PBXSourcesBuildPhase;
			buildActionMask = 2147483647;
			files = (
				487DFAF9242552DE00163D0C /* Light.swift in Sources */,
				483FCEF4255A10280021D1C0 /* ColourStructs.swift in Sources */,
				487DFAFB242552E700163D0C /* LoginHue.swift in Sources */,
				48AD03E52428CB6F002E56CA /* Colors.swift in Sources */,
				487964A32426B7E80025B897 /* LigthDetail.swift in Sources */,
				487DFADB2425512B00163D0C /* HostingController.swift in Sources */,
				487EFD572425695F0002DFB0 /* ContextMenu.swift in Sources */,
				48CF4BB32522A710006AE8D0 /* JsonParser.swift in Sources */,
				487DFB002425539100163D0C /* Utils.swift in Sources */,
				481F91F32542F92F00914516 /* HueError.swift in Sources */,
				487DFAF5242552CE00163D0C /* Data.swift in Sources */,
				480EDEA42425798C00E8232F /* ContentView.swift in Sources */,
				487DFAFC242552EA00163D0C /* LightRow.swift in Sources */,
				487DFADF2425512B00163D0C /* NotificationController.swift in Sources */,
				487DFB012425539500163D0C /* extensions.swift in Sources */,
				480EDEA32425797200E8232F /* WatchLightList.swift in Sources */,
				487DFADD2425512B00163D0C /* ExtensionDelegate.swift in Sources */,
				48E71443252383B5005B9A2C /* SharedDefaultsMeta.swift in Sources */,
				481F92132542FA5100914516 /* IntentHandler.swift in Sources */,
				487DFB022425539800163D0C /* ValueStore.swift in Sources */,
				487964A62426C0EB0025B897 /* NotificationName.swift in Sources */,
				48758DB12427AD8500380126 /* HueDevice.swift in Sources */,
				487DFAFA242552E300163D0C /* UserData.swift in Sources */,
				48758DB02427999C00380126 /* NoBridge.swift in Sources */,
				481F92082542FA0F00914516 /* Intents.intentdefinition in Sources */,
				487DFAE12425512B00163D0C /* NotificationView.swift in Sources */,
			);
			runOnlyForDeploymentPostprocessing = 0;
		};
		48CF4B0E25228B8E006AE8D0 /* Sources */ = {
			isa = PBXSourcesBuildPhase;
			buildActionMask = 2147483647;
			files = (
				483FCEEE255A100C0021D1C0 /* ColourStructs.swift in Sources */,
				48CF4BC52522A7F6006AE8D0 /* Light.swift in Sources */,
				48CF4B2C25228C4F006AE8D0 /* Intents.intentdefinition in Sources */,
				48CF4BB42522A710006AE8D0 /* JsonParser.swift in Sources */,
				48CF4BCB2522A85B006AE8D0 /* Colors.swift in Sources */,
				48CF4B6B25229EEE006AE8D0 /* extensions.swift in Sources */,
				48CF4B7125229EFF006AE8D0 /* HueDevice.swift in Sources */,
				48CF4BD72522A885006AE8D0 /* UserData.swift in Sources */,
				48CF4BD12522A874006AE8D0 /* HueDelegate.swift in Sources */,
				48CF4B5325229E11006AE8D0 /* ValueStore.swift in Sources */,
				48CF4B932522A5B9006AE8D0 /* HueError.swift in Sources */,
				48CF4B2525228BD2006AE8D0 /* IntentHandler.swift in Sources */,
				48E71444252383B5005B9A2C /* SharedDefaultsMeta.swift in Sources */,
				48CF4BBF2522A741006AE8D0 /* Utils.swift in Sources */,
			);
			runOnlyForDeploymentPostprocessing = 0;
		};
/* End PBXSourcesBuildPhase section */

/* Begin PBXTargetDependency section */
		487DFAC72425512500163D0C /* PBXTargetDependency */ = {
			isa = PBXTargetDependency;
			target = 487DFAC32425512500163D0C /* Tisym_Watch WatchKit App */;
			targetProxy = 487DFAC62425512500163D0C /* PBXContainerItemProxy */;
		};
		487DFAD62425512B00163D0C /* PBXTargetDependency */ = {
			isa = PBXTargetDependency;
			target = 487DFAD22425512B00163D0C /* Tisym_Watch WatchKit Extension */;
			targetProxy = 487DFAD52425512B00163D0C /* PBXContainerItemProxy */;
		};
		48CF4B1825228B8E006AE8D0 /* PBXTargetDependency */ = {
			isa = PBXTargetDependency;
			target = 48CF4B1125228B8E006AE8D0 /* Brightness Intent */;
			targetProxy = 48CF4B1725228B8E006AE8D0 /* PBXContainerItemProxy */;
		};
/* End PBXTargetDependency section */

/* Begin PBXVariantGroup section */
		4814CEFE24214BAD00B9C272 /* LaunchScreen.storyboard */ = {
			isa = PBXVariantGroup;
			children = (
				4814CEFF24214BAD00B9C272 /* Base */,
			);
			name = LaunchScreen.storyboard;
			sourceTree = "<group>";
		};
		487DFAC92425512500163D0C /* Interface.storyboard */ = {
			isa = PBXVariantGroup;
			children = (
				487DFACA2425512500163D0C /* Base */,
			);
			name = Interface.storyboard;
			sourceTree = "<group>";
		};
/* End PBXVariantGroup section */

/* Begin XCBuildConfiguration section */
		4814CF0224214BAD00B9C272 /* Debug */ = {
			isa = XCBuildConfiguration;
			buildSettings = {
				ALWAYS_SEARCH_USER_PATHS = NO;
				CLANG_ANALYZER_NONNULL = YES;
				CLANG_ANALYZER_NUMBER_OBJECT_CONVERSION = YES_AGGRESSIVE;
				CLANG_CXX_LANGUAGE_STANDARD = "gnu++14";
				CLANG_CXX_LIBRARY = "libc++";
				CLANG_ENABLE_MODULES = YES;
				CLANG_ENABLE_OBJC_ARC = YES;
				CLANG_ENABLE_OBJC_WEAK = YES;
				CLANG_WARN_BLOCK_CAPTURE_AUTORELEASING = YES;
				CLANG_WARN_BOOL_CONVERSION = YES;
				CLANG_WARN_COMMA = YES;
				CLANG_WARN_CONSTANT_CONVERSION = YES;
				CLANG_WARN_DEPRECATED_OBJC_IMPLEMENTATIONS = YES;
				CLANG_WARN_DIRECT_OBJC_ISA_USAGE = YES_ERROR;
				CLANG_WARN_DOCUMENTATION_COMMENTS = YES;
				CLANG_WARN_EMPTY_BODY = YES;
				CLANG_WARN_ENUM_CONVERSION = YES;
				CLANG_WARN_INFINITE_RECURSION = YES;
				CLANG_WARN_INT_CONVERSION = YES;
				CLANG_WARN_NON_LITERAL_NULL_CONVERSION = YES;
				CLANG_WARN_OBJC_IMPLICIT_RETAIN_SELF = YES;
				CLANG_WARN_OBJC_LITERAL_CONVERSION = YES;
				CLANG_WARN_OBJC_ROOT_CLASS = YES_ERROR;
				CLANG_WARN_QUOTED_INCLUDE_IN_FRAMEWORK_HEADER = YES;
				CLANG_WARN_RANGE_LOOP_ANALYSIS = YES;
				CLANG_WARN_STRICT_PROTOTYPES = YES;
				CLANG_WARN_SUSPICIOUS_MOVE = YES;
				CLANG_WARN_UNGUARDED_AVAILABILITY = YES_AGGRESSIVE;
				CLANG_WARN_UNREACHABLE_CODE = YES;
				CLANG_WARN__DUPLICATE_METHOD_MATCH = YES;
				COPY_PHASE_STRIP = NO;
				DEBUG_INFORMATION_FORMAT = dwarf;
				ENABLE_STRICT_OBJC_MSGSEND = YES;
				ENABLE_TESTABILITY = YES;
				GCC_C_LANGUAGE_STANDARD = gnu11;
				GCC_DYNAMIC_NO_PIC = NO;
				GCC_NO_COMMON_BLOCKS = YES;
				GCC_OPTIMIZATION_LEVEL = 0;
				GCC_PREPROCESSOR_DEFINITIONS = (
					"DEBUG=1",
					"$(inherited)",
				);
				GCC_WARN_64_TO_32_BIT_CONVERSION = YES;
				GCC_WARN_ABOUT_RETURN_TYPE = YES_ERROR;
				GCC_WARN_UNDECLARED_SELECTOR = YES;
				GCC_WARN_UNINITIALIZED_AUTOS = YES_AGGRESSIVE;
				GCC_WARN_UNUSED_FUNCTION = YES;
				GCC_WARN_UNUSED_VARIABLE = YES;
				IPHONEOS_DEPLOYMENT_TARGET = 14.0;
				MTL_ENABLE_DEBUG_INFO = INCLUDE_SOURCE;
				MTL_FAST_MATH = YES;
				ONLY_ACTIVE_ARCH = YES;
				SDKROOT = iphoneos;
				SWIFT_ACTIVE_COMPILATION_CONDITIONS = DEBUG;
				SWIFT_OPTIMIZATION_LEVEL = "-Onone";
			};
			name = Debug;
		};
		4814CF0324214BAD00B9C272 /* Release */ = {
			isa = XCBuildConfiguration;
			buildSettings = {
				ALWAYS_SEARCH_USER_PATHS = NO;
				CLANG_ANALYZER_NONNULL = YES;
				CLANG_ANALYZER_NUMBER_OBJECT_CONVERSION = YES_AGGRESSIVE;
				CLANG_CXX_LANGUAGE_STANDARD = "gnu++14";
				CLANG_CXX_LIBRARY = "libc++";
				CLANG_ENABLE_MODULES = YES;
				CLANG_ENABLE_OBJC_ARC = YES;
				CLANG_ENABLE_OBJC_WEAK = YES;
				CLANG_WARN_BLOCK_CAPTURE_AUTORELEASING = YES;
				CLANG_WARN_BOOL_CONVERSION = YES;
				CLANG_WARN_COMMA = YES;
				CLANG_WARN_CONSTANT_CONVERSION = YES;
				CLANG_WARN_DEPRECATED_OBJC_IMPLEMENTATIONS = YES;
				CLANG_WARN_DIRECT_OBJC_ISA_USAGE = YES_ERROR;
				CLANG_WARN_DOCUMENTATION_COMMENTS = YES;
				CLANG_WARN_EMPTY_BODY = YES;
				CLANG_WARN_ENUM_CONVERSION = YES;
				CLANG_WARN_INFINITE_RECURSION = YES;
				CLANG_WARN_INT_CONVERSION = YES;
				CLANG_WARN_NON_LITERAL_NULL_CONVERSION = YES;
				CLANG_WARN_OBJC_IMPLICIT_RETAIN_SELF = YES;
				CLANG_WARN_OBJC_LITERAL_CONVERSION = YES;
				CLANG_WARN_OBJC_ROOT_CLASS = YES_ERROR;
				CLANG_WARN_QUOTED_INCLUDE_IN_FRAMEWORK_HEADER = YES;
				CLANG_WARN_RANGE_LOOP_ANALYSIS = YES;
				CLANG_WARN_STRICT_PROTOTYPES = YES;
				CLANG_WARN_SUSPICIOUS_MOVE = YES;
				CLANG_WARN_UNGUARDED_AVAILABILITY = YES_AGGRESSIVE;
				CLANG_WARN_UNREACHABLE_CODE = YES;
				CLANG_WARN__DUPLICATE_METHOD_MATCH = YES;
				COPY_PHASE_STRIP = NO;
				DEBUG_INFORMATION_FORMAT = "dwarf-with-dsym";
				ENABLE_NS_ASSERTIONS = NO;
				ENABLE_STRICT_OBJC_MSGSEND = YES;
				GCC_C_LANGUAGE_STANDARD = gnu11;
				GCC_NO_COMMON_BLOCKS = YES;
				GCC_WARN_64_TO_32_BIT_CONVERSION = YES;
				GCC_WARN_ABOUT_RETURN_TYPE = YES_ERROR;
				GCC_WARN_UNDECLARED_SELECTOR = YES;
				GCC_WARN_UNINITIALIZED_AUTOS = YES_AGGRESSIVE;
				GCC_WARN_UNUSED_FUNCTION = YES;
				GCC_WARN_UNUSED_VARIABLE = YES;
				IPHONEOS_DEPLOYMENT_TARGET = 14.0;
				MTL_ENABLE_DEBUG_INFO = NO;
				MTL_FAST_MATH = YES;
				SDKROOT = iphoneos;
				SWIFT_COMPILATION_MODE = wholemodule;
				SWIFT_OPTIMIZATION_LEVEL = "-O";
				VALIDATE_PRODUCT = YES;
			};
			name = Release;
		};
		4814CF0524214BAE00B9C272 /* Debug */ = {
			isa = XCBuildConfiguration;
			buildSettings = {
				ALWAYS_EMBED_SWIFT_STANDARD_LIBRARIES = YES;
				ASSETCATALOG_COMPILER_APPICON_NAME = AppIcon;
				CODE_SIGN_ENTITLEMENTS = Tisym/Tisym.entitlements;
				CODE_SIGN_STYLE = Automatic;
				DERIVE_MACCATALYST_PRODUCT_BUNDLE_IDENTIFIER = YES;
				DEVELOPMENT_ASSET_PATHS = "\"Tisym/Preview Content\"";
				DEVELOPMENT_TEAM = T7562M4U35;
				ENABLE_PREVIEWS = YES;
				INFOPLIST_FILE = Tisym/Info.plist;
				IPHONEOS_DEPLOYMENT_TARGET = 13.0;
				LD_RUNPATH_SEARCH_PATHS = (
					"$(inherited)",
					"@executable_path/Frameworks",
				);
				PRODUCT_BUNDLE_IDENTIFIER = barbat.hadrien.Tisym;
				PRODUCT_NAME = "$(TARGET_NAME)";
				SUPPORTS_MACCATALYST = YES;
				SWIFT_VERSION = 5.0;
				TARGETED_DEVICE_FAMILY = "1,2";
			};
			name = Debug;
		};
		4814CF0624214BAE00B9C272 /* Release */ = {
			isa = XCBuildConfiguration;
			buildSettings = {
				ALWAYS_EMBED_SWIFT_STANDARD_LIBRARIES = YES;
				ASSETCATALOG_COMPILER_APPICON_NAME = AppIcon;
				CODE_SIGN_ENTITLEMENTS = Tisym/Tisym.entitlements;
				CODE_SIGN_STYLE = Automatic;
				DERIVE_MACCATALYST_PRODUCT_BUNDLE_IDENTIFIER = YES;
				DEVELOPMENT_ASSET_PATHS = "\"Tisym/Preview Content\"";
				DEVELOPMENT_TEAM = T7562M4U35;
				ENABLE_PREVIEWS = YES;
				INFOPLIST_FILE = Tisym/Info.plist;
				IPHONEOS_DEPLOYMENT_TARGET = 13.0;
				LD_RUNPATH_SEARCH_PATHS = (
					"$(inherited)",
					"@executable_path/Frameworks",
				);
				PRODUCT_BUNDLE_IDENTIFIER = barbat.hadrien.Tisym;
				PRODUCT_NAME = "$(TARGET_NAME)";
				SUPPORTS_MACCATALYST = YES;
				SWIFT_VERSION = 5.0;
				TARGETED_DEVICE_FAMILY = "1,2";
			};
			name = Release;
		};
		487DFAEA2425512D00163D0C /* Debug */ = {
			isa = XCBuildConfiguration;
			buildSettings = {
				ASSETCATALOG_COMPILER_COMPLICATION_NAME = Complication;
				CODE_SIGN_STYLE = Automatic;
				DEVELOPMENT_ASSET_PATHS = "\"Tisym_Watch WatchKit Extension/Preview Content\"";
				DEVELOPMENT_TEAM = T7562M4U35;
				ENABLE_PREVIEWS = YES;
				INFOPLIST_FILE = "Tisym_Watch WatchKit Extension/Info.plist";
				LD_RUNPATH_SEARCH_PATHS = (
					"$(inherited)",
					"@executable_path/Frameworks",
					"@executable_path/../../Frameworks",
				);
				PRODUCT_BUNDLE_IDENTIFIER = "barbat.hadrien.Tisym-Watch.watchkitapp.watchkitextension";
				PRODUCT_NAME = "${TARGET_NAME}";
				SDKROOT = watchos;
				SKIP_INSTALL = YES;
				SWIFT_VERSION = 5.0;
				TARGETED_DEVICE_FAMILY = 4;
				WATCHOS_DEPLOYMENT_TARGET = 6.1;
			};
			name = Debug;
		};
		487DFAEB2425512D00163D0C /* Release */ = {
			isa = XCBuildConfiguration;
			buildSettings = {
				ASSETCATALOG_COMPILER_COMPLICATION_NAME = Complication;
				CODE_SIGN_STYLE = Automatic;
				DEVELOPMENT_ASSET_PATHS = "\"Tisym_Watch WatchKit Extension/Preview Content\"";
				DEVELOPMENT_TEAM = T7562M4U35;
				ENABLE_PREVIEWS = YES;
				INFOPLIST_FILE = "Tisym_Watch WatchKit Extension/Info.plist";
				LD_RUNPATH_SEARCH_PATHS = (
					"$(inherited)",
					"@executable_path/Frameworks",
					"@executable_path/../../Frameworks",
				);
				PRODUCT_BUNDLE_IDENTIFIER = "barbat.hadrien.Tisym-Watch.watchkitapp.watchkitextension";
				PRODUCT_NAME = "${TARGET_NAME}";
				SDKROOT = watchos;
				SKIP_INSTALL = YES;
				SWIFT_VERSION = 5.0;
				TARGETED_DEVICE_FAMILY = 4;
				WATCHOS_DEPLOYMENT_TARGET = 6.1;
			};
			name = Release;
		};
		487DFAEE2425512D00163D0C /* Debug */ = {
			isa = XCBuildConfiguration;
			buildSettings = {
				ALWAYS_EMBED_SWIFT_STANDARD_LIBRARIES = YES;
				ASSETCATALOG_COMPILER_APPICON_NAME = AppIcon;
				CLANG_ENABLE_MODULES = YES;
				CODE_SIGN_ENTITLEMENTS = "Tisym_Watch WatchKit App/Tisym_Watch WatchKit App.entitlements";
				CODE_SIGN_STYLE = Automatic;
				DEVELOPMENT_TEAM = T7562M4U35;
				IBSC_MODULE = Tisym_Watch_WatchKit_Extension;
				INFOPLIST_FILE = "Tisym_Watch WatchKit App/Info.plist";
				LD_RUNPATH_SEARCH_PATHS = (
					"$(inherited)",
					"@executable_path/../Frameworks",
					"@loader_path/../Frameworks",
				);
				PRODUCT_BUNDLE_IDENTIFIER = "barbat.hadrien.Tisym-Watch.watchkitapp";
				PRODUCT_NAME = "$(TARGET_NAME)";
				SDKROOT = watchos;
				SKIP_INSTALL = YES;
				SWIFT_OBJC_BRIDGING_HEADER = "Tisym/Ressources/Tisym_Watch WatchKit App-Bridging-Header.h";
				SWIFT_OPTIMIZATION_LEVEL = "-Onone";
				SWIFT_VERSION = 5.0;
				TARGETED_DEVICE_FAMILY = 4;
				WATCHOS_DEPLOYMENT_TARGET = 6.1;
			};
			name = Debug;
		};
		487DFAEF2425512D00163D0C /* Release */ = {
			isa = XCBuildConfiguration;
			buildSettings = {
				ALWAYS_EMBED_SWIFT_STANDARD_LIBRARIES = YES;
				ASSETCATALOG_COMPILER_APPICON_NAME = AppIcon;
				CLANG_ENABLE_MODULES = YES;
				CODE_SIGN_ENTITLEMENTS = "Tisym_Watch WatchKit App/Tisym_Watch WatchKit App.entitlements";
				CODE_SIGN_STYLE = Automatic;
				DEVELOPMENT_TEAM = T7562M4U35;
				IBSC_MODULE = Tisym_Watch_WatchKit_Extension;
				INFOPLIST_FILE = "Tisym_Watch WatchKit App/Info.plist";
				LD_RUNPATH_SEARCH_PATHS = (
					"$(inherited)",
					"@executable_path/../Frameworks",
					"@loader_path/../Frameworks",
				);
				PRODUCT_BUNDLE_IDENTIFIER = "barbat.hadrien.Tisym-Watch.watchkitapp";
				PRODUCT_NAME = "$(TARGET_NAME)";
				SDKROOT = watchos;
				SKIP_INSTALL = YES;
				SWIFT_OBJC_BRIDGING_HEADER = "Tisym/Ressources/Tisym_Watch WatchKit App-Bridging-Header.h";
				SWIFT_VERSION = 5.0;
				TARGETED_DEVICE_FAMILY = 4;
				WATCHOS_DEPLOYMENT_TARGET = 6.1;
			};
			name = Release;
		};
		487DFAF22425512D00163D0C /* Debug */ = {
			isa = XCBuildConfiguration;
			buildSettings = {
				CLANG_ENABLE_MODULES = YES;
				CODE_SIGN_STYLE = Automatic;
				CURRENT_PROJECT_VERSION = 1;
				DEVELOPMENT_TEAM = T7562M4U35;
				LD_RUNPATH_SEARCH_PATHS = (
					"$(inherited)",
					"@executable_path/Frameworks",
					"@loader_path/Frameworks",
				);
				MARKETING_VERSION = 1.0;
				PRODUCT_BUNDLE_IDENTIFIER = "barbat.hadrien.Tisym-Watch";
				PRODUCT_NAME = "$(TARGET_NAME)";
				SWIFT_OBJC_BRIDGING_HEADER = "Tisym/Ressources/Tisym_Watch-Bridging-Header.h";
				SWIFT_OPTIMIZATION_LEVEL = "-Onone";
				SWIFT_VERSION = 5.0;
			};
			name = Debug;
		};
		487DFAF32425512D00163D0C /* Release */ = {
			isa = XCBuildConfiguration;
			buildSettings = {
				CLANG_ENABLE_MODULES = YES;
				CODE_SIGN_STYLE = Automatic;
				CURRENT_PROJECT_VERSION = 1;
				DEVELOPMENT_TEAM = T7562M4U35;
				LD_RUNPATH_SEARCH_PATHS = (
					"$(inherited)",
					"@executable_path/Frameworks",
					"@loader_path/Frameworks",
				);
				MARKETING_VERSION = 1.0;
				PRODUCT_BUNDLE_IDENTIFIER = "barbat.hadrien.Tisym-Watch";
				PRODUCT_NAME = "$(TARGET_NAME)";
				SWIFT_OBJC_BRIDGING_HEADER = "Tisym/Ressources/Tisym_Watch-Bridging-Header.h";
				SWIFT_VERSION = 5.0;
			};
			name = Release;
		};
		48CF4B1C25228B8E006AE8D0 /* Debug */ = {
			isa = XCBuildConfiguration;
			buildSettings = {
				CLANG_WARN_QUOTED_INCLUDE_IN_FRAMEWORK_HEADER = YES;
				CODE_SIGN_ENTITLEMENTS = "Brightness Intent/Brightness Intent.entitlements";
				CODE_SIGN_STYLE = Automatic;
				DEVELOPMENT_TEAM = T7562M4U35;
				INFOPLIST_FILE = "Brightness Intent/Info.plist";
				IPHONEOS_DEPLOYMENT_TARGET = 14.0;
				LD_RUNPATH_SEARCH_PATHS = (
					"$(inherited)",
					"@executable_path/Frameworks",
					"@executable_path/../../Frameworks",
				);
				PRODUCT_BUNDLE_IDENTIFIER = "barbat.hadrien.Tisym.Brightness-Intent";
				PRODUCT_NAME = "$(TARGET_NAME)";
				SKIP_INSTALL = YES;
				SUPPORTS_MACCATALYST = YES;
				SWIFT_VERSION = 5.0;
				TARGETED_DEVICE_FAMILY = "1,2";
			};
			name = Debug;
		};
		48CF4B1D25228B8E006AE8D0 /* Release */ = {
			isa = XCBuildConfiguration;
			buildSettings = {
				CLANG_WARN_QUOTED_INCLUDE_IN_FRAMEWORK_HEADER = YES;
				CODE_SIGN_ENTITLEMENTS = "Brightness Intent/Brightness Intent.entitlements";
				CODE_SIGN_STYLE = Automatic;
				DEVELOPMENT_TEAM = T7562M4U35;
				INFOPLIST_FILE = "Brightness Intent/Info.plist";
				IPHONEOS_DEPLOYMENT_TARGET = 14.0;
				LD_RUNPATH_SEARCH_PATHS = (
					"$(inherited)",
					"@executable_path/Frameworks",
					"@executable_path/../../Frameworks",
				);
				PRODUCT_BUNDLE_IDENTIFIER = "barbat.hadrien.Tisym.Brightness-Intent";
				PRODUCT_NAME = "$(TARGET_NAME)";
				SKIP_INSTALL = YES;
				SUPPORTS_MACCATALYST = YES;
				SWIFT_VERSION = 5.0;
				TARGETED_DEVICE_FAMILY = "1,2";
			};
			name = Release;
		};
/* End XCBuildConfiguration section */

/* Begin XCConfigurationList section */
		4814CEEB24214BA500B9C272 /* Build configuration list for PBXProject "Tisym" */ = {
			isa = XCConfigurationList;
			buildConfigurations = (
				4814CF0224214BAD00B9C272 /* Debug */,
				4814CF0324214BAD00B9C272 /* Release */,
			);
			defaultConfigurationIsVisible = 0;
			defaultConfigurationName = Release;
		};
		4814CF0424214BAE00B9C272 /* Build configuration list for PBXNativeTarget "Tisym" */ = {
			isa = XCConfigurationList;
			buildConfigurations = (
				4814CF0524214BAE00B9C272 /* Debug */,
				4814CF0624214BAE00B9C272 /* Release */,
			);
			defaultConfigurationIsVisible = 0;
			defaultConfigurationName = Release;
		};
		487DFAE92425512D00163D0C /* Build configuration list for PBXNativeTarget "Tisym_Watch WatchKit Extension" */ = {
			isa = XCConfigurationList;
			buildConfigurations = (
				487DFAEA2425512D00163D0C /* Debug */,
				487DFAEB2425512D00163D0C /* Release */,
			);
			defaultConfigurationIsVisible = 0;
			defaultConfigurationName = Release;
		};
		487DFAED2425512D00163D0C /* Build configuration list for PBXNativeTarget "Tisym_Watch WatchKit App" */ = {
			isa = XCConfigurationList;
			buildConfigurations = (
				487DFAEE2425512D00163D0C /* Debug */,
				487DFAEF2425512D00163D0C /* Release */,
			);
			defaultConfigurationIsVisible = 0;
			defaultConfigurationName = Release;
		};
		487DFAF12425512D00163D0C /* Build configuration list for PBXNativeTarget "Tisym_Watch" */ = {
			isa = XCConfigurationList;
			buildConfigurations = (
				487DFAF22425512D00163D0C /* Debug */,
				487DFAF32425512D00163D0C /* Release */,
			);
			defaultConfigurationIsVisible = 0;
			defaultConfigurationName = Release;
		};
		48CF4B1E25228B8E006AE8D0 /* Build configuration list for PBXNativeTarget "Brightness Intent" */ = {
			isa = XCConfigurationList;
			buildConfigurations = (
				48CF4B1C25228B8E006AE8D0 /* Debug */,
				48CF4B1D25228B8E006AE8D0 /* Release */,
			);
			defaultConfigurationIsVisible = 0;
			defaultConfigurationName = Release;
		};
/* End XCConfigurationList section */
	};
	rootObject = 4814CEE824214BA500B9C272 /* Project object */;
}
